
Microsoft Visual Studio Solution File, Format Version 12.00
# Visual Studio Version 16
VisualStudioVersion = 16.0.31515.178
MinimumVisualStudioVersion = 10.0.40219.1
Project("{FAE04EC0-301F-11D3-BF4B-00C04F79EFBC}") = "Accounting.App", "Accounting.App\Accounting.App.csproj", "{095F1404-69E1-4145-AC9C-8741BD3E844A}"
EndProject
Project("{FAE04EC0-301F-11D3-BF4B-00C04F79EFBC}") = "Accounting.DataLayer", "Accounting_DataLayer\Accounting.DataLayer.csproj", "{D91FECE9-8FEE-4456-868B-1CFDF155E18F}"
EndProject
Project("{FAE04EC0-301F-11D3-BF4B-00C04F79EFBC}") = "Accounting.ViewModels", "Accounting.ViewModels\Accounting.ViewModels.csproj", "{C2C1A390-35DE-4952-9A99-DCCB3625010A}"
EndProject
Project("{FAE04EC0-301F-11D3-BF4B-00C04F79EFBC}") = "Accounting.Utility", "Accounting.Utility\Accounting.Utility.csproj", "{038A6914-6910-40E2-8ABB-963D0892C03F}"
EndProject
Project("{FAE04EC0-301F-11D3-BF4B-00C04F79EFBC}") = "Accounting.Business", "Accounting.Business\Accounting.Business.csproj", "{793BFE80-3443-4221-B122-B4AC61215048}"
EndProject
Global
	GlobalSection(SolutionConfigurationPlatforms) = preSolution
		Debug|Any CPU = Debug|Any CPU
		Release|Any CPU = Release|Any CPU
	EndGlobalSection
	GlobalSection(ProjectConfigurationPlatforms) = postSolution
		{095F1404-69E1-4145-AC9C-8741BD3E844A}.Debug|Any CPU.ActiveCfg = Debug|Any CPU
		{095F1404-69E1-4145-AC9C-8741BD3E844A}.Debug|Any CPU.Build.0 = Debug|Any CPU
		{095F1404-69E1-4145-AC9C-8741BD3E844A}.Release|Any CPU.ActiveCfg = Release|Any CPU
		{095F1404-69E1-4145-AC9C-8741BD3E844A}.Release|Any CPU.Build.0 = Release|Any CPU
		{D91FECE9-8FEE-4456-868B-1CFDF155E18F}.Debug|Any CPU.ActiveCfg = Debug|Any CPU
		{D91FECE9-8FEE-4456-868B-1CFDF155E18F}.Debug|Any CPU.Build.0 = Debug|Any CPU
		{D91FECE9-8FEE-4456-868B-1CFDF155E18F}.Release|Any CPU.ActiveCfg = Release|Any CPU
		{D91FECE9-8FEE-4456-868B-1CFDF155E18F}.Release|Any CPU.Build.0 = Release|Any CPU
		{C2C1A390-35DE-4952-9A99-DCCB3625010A}.Debug|Any CPU.ActiveCfg = Debug|Any CPU
		{C2C1A390-35DE-4952-9A99-DCCB3625010A}.Debug|Any CPU.Build.0 = Debug|Any CPU
		{C2C1A390-35DE-4952-9A99-DCCB3625010A}.Release|Any CPU.ActiveCfg = Release|Any CPU
		{C2C1A390-35DE-4952-9A99-DCCB3625010A}.Release|Any CPU.Build.0 = Release|Any CPU
		{038A6914-6910-40E2-8ABB-963D0892C03F}.Debug|Any CPU.ActiveCfg = Debug|Any CPU
		{038A6914-6910-40E2-8ABB-963D0892C03F}.Debug|Any CPU.Build.0 = Debug|Any CPU
		{038A6914-6910-40E2-8ABB-963D0892C03F}.Release|Any CPU.ActiveCfg = Release|Any CPU
		{038A6914-6910-40E2-8ABB-963D0892C03F}.Release|Any CPU.Build.0 = Release|Any CPU
		{793BFE80-3443-4221-B122-B4AC61215048}.Debug|Any CPU.ActiveCfg = Debug|Any CPU
		{793BFE80-3443-4221-B122-B4AC61215048}.Debug|Any CPU.Build.0 = Debug|Any CPU
		{793BFE80-3443-4221-B122-B4AC61215048}.Release|Any CPU.ActiveCfg = Release|Any CPU
		{793BFE80-3443-4221-B122-B4AC61215048}.Release|Any CPU.Build.0 = Release|Any CPU
	EndGlobalSection
	GlobalSection(SolutionProperties) = preSolution
		HideSolutionNode = FALSE
	EndGlobalSection
	GlobalSection(ExtensibilityGlobals) = postSolution
		SolutionGuid = {9A6AFE4E-FD93-4BC5-B3EC-3366FC314B89}
	EndGlobalSection
EndGlobal
